
Microsoft Visual Studio Solution File, Format Version 12.00
# Visual Studio Version 17
VisualStudioVersion = 17.4.33103.184
MinimumVisualStudioVersion = 10.0.40219.1
Project("{9A19103F-16F7-4668-BE54-9A1E7A4F7556}") = "StaffAttendanceSystem", "StaffAttendanceSystem\StaffAttendanceSystem.csproj", "{8EAA77D3-94AE-4597-AC6C-03A50F1AB23C}"
EndProject
Project("{9A19103F-16F7-4668-BE54-9A1E7A4F7556}") = "TestData", "TestData\TestData.csproj", "{5B893859-DB0C-469C-B794-D370F23E2B77}"
EndProject
Project("{2150E333-8FDC-42A3-9474-1A3956D46DE8}") = "Solution Items", "Solution Items", "{8875EA1C-B36E-4E24-9B69-516FFD954AB0}"
	ProjectSection(SolutionItems) = preProject
		.editorconfig = .editorconfig
	EndProjectSection
EndProject
Global
	GlobalSection(SolutionConfigurationPlatforms) = preSolution
		Debug|Any CPU = Debug|Any CPU
		Release|Any CPU = Release|Any CPU
	EndGlobalSection
	GlobalSection(ProjectConfigurationPlatforms) = postSolution
		{8EAA77D3-94AE-4597-AC6C-03A50F1AB23C}.Debug|Any CPU.ActiveCfg = Debug|Any CPU
		{8EAA77D3-94AE-4597-AC6C-03A50F1AB23C}.Debug|Any CPU.Build.0 = Debug|Any CPU
		{8EAA77D3-94AE-4597-AC6C-03A50F1AB23C}.Release|Any CPU.ActiveCfg = Release|Any CPU
		{8EAA77D3-94AE-4597-AC6C-03A50F1AB23C}.Release|Any CPU.Build.0 = Release|Any CPU
		{5B893859-DB0C-469C-B794-D370F23E2B77}.Debug|Any CPU.ActiveCfg = Debug|Any CPU
		{5B893859-DB0C-469C-B794-D370F23E2B77}.Debug|Any CPU.Build.0 = Debug|Any CPU
		{5B893859-DB0C-469C-B794-D370F23E2B77}.Release|Any CPU.ActiveCfg = Release|Any CPU
		{5B893859-DB0C-469C-B794-D370F23E2B77}.Release|Any CPU.Build.0 = Release|Any CPU
	EndGlobalSection
	GlobalSection(SolutionProperties) = preSolution
		HideSolutionNode = FALSE
	EndGlobalSection
	GlobalSection(ExtensibilityGlobals) = postSolution
		SolutionGuid = {4F635626-39EB-4AB6-9035-B30D26B3D2FB}
	EndGlobalSection
EndGlobal
